
Microsoft Visual Studio Solution File, Format Version 12.00
# Visual Studio Version 17
VisualStudioVersion = 17.10.35027.167
MinimumVisualStudioVersion = 10.0.40219.1
Project("{FAE04EC0-301F-11D3-BF4B-00C04F79EFBC}") = "CRUDMongoDB", "CRUDMongoDB.csproj", "{2E591B48-3801-4615-84A8-E3B32B8B459D}"
EndProject
Global
	GlobalSection(SolutionConfigurationPlatforms) = preSolution
		Debug|Any CPU = Debug|Any CPU
		Release|Any CPU = Release|Any CPU
	EndGlobalSection
	GlobalSection(ProjectConfigurationPlatforms) = postSolution
		{2E591B48-3801-4615-84A8-E3B32B8B459D}.Debug|Any CPU.ActiveCfg = Debug|Any CPU
		{2E591B48-3801-4615-84A8-E3B32B8B459D}.Debug|Any CPU.Build.0 = Debug|Any CPU
		{2E591B48-3801-4615-84A8-E3B32B8B459D}.Release|Any CPU.ActiveCfg = Release|Any CPU
		{2E591B48-3801-4615-84A8-E3B32B8B459D}.Release|Any CPU.Build.0 = Release|Any CPU
	EndGlobalSection
	GlobalSection(SolutionProperties) = preSolution
		HideSolutionNode = FALSE
	EndGlobalSection
	GlobalSection(ExtensibilityGlobals) = postSolution
		SolutionGuid = {80A44BE8-291F-4762-BBE6-3186B1A181AA}
	EndGlobalSection
EndGlobal
